
Microsoft Visual Studio Solution File, Format Version 11.00
# Visual Studio 2010
Project("{FAE04EC0-301F-11D3-BF4B-00C04F79EFBC}") = "unityeditortest", "Assembly-CSharp.csproj", "{DC1304B3-EDC1-28B8-9EE7-3BC89105B860}"
EndProject
Project("{FAE04EC0-301F-11D3-BF4B-00C04F79EFBC}") = "unityeditortest", "Assembly-CSharp-Editor.csproj", "{27B3F43D-EECC-75FB-24AD-2BCD6FCA2AAE}"
EndProject
Global
	GlobalSection(SolutionConfigurationPlatforms) = preSolution
		Debug|Any CPU = Debug|Any CPU
		Release|Any CPU = Release|Any CPU
	EndGlobalSection
	GlobalSection(ProjectConfigurationPlatforms) = postSolution
		{DC1304B3-EDC1-28B8-9EE7-3BC89105B860}.Debug|Any CPU.ActiveCfg = Debug|Any CPU
		{DC1304B3-EDC1-28B8-9EE7-3BC89105B860}.Debug|Any CPU.Build.0 = Debug|Any CPU
		{DC1304B3-EDC1-28B8-9EE7-3BC89105B860}.Release|Any CPU.ActiveCfg = Release|Any CPU
		{DC1304B3-EDC1-28B8-9EE7-3BC89105B860}.Release|Any CPU.Build.0 = Release|Any CPU
		{27B3F43D-EECC-75FB-24AD-2BCD6FCA2AAE}.Debug|Any CPU.ActiveCfg = Debug|Any CPU
		{27B3F43D-EECC-75FB-24AD-2BCD6FCA2AAE}.Debug|Any CPU.Build.0 = Debug|Any CPU
		{27B3F43D-EECC-75FB-24AD-2BCD6FCA2AAE}.Release|Any CPU.ActiveCfg = Release|Any CPU
		{27B3F43D-EECC-75FB-24AD-2BCD6FCA2AAE}.Release|Any CPU.Build.0 = Release|Any CPU
	EndGlobalSection
	GlobalSection(SolutionProperties) = preSolution
		HideSolutionNode = FALSE
	EndGlobalSection
	GlobalSection(MonoDevelopProperties) = preSolution
		StartupItem = Assembly-CSharp.csproj
	EndGlobalSection
EndGlobal
